// !$*UTF8*$!
{
	archiveVersion = 1;
	classes = {
	};
	objectVersion = 50;
	objects = {

/* Begin PBXBuildFile section */
		608BF8902259D0B90096CB2B /* AppDelegate.swift in Sources */ = {isa = PBXBuildFile; fileRef = 608BF88F2259D0B90096CB2B /* AppDelegate.swift */; };
		608BF8922259D0B90096CB2B /* ViewController.swift in Sources */ = {isa = PBXBuildFile; fileRef = 608BF8912259D0B90096CB2B /* ViewController.swift */; };
		608BF8952259D0B90096CB2B /* Main.storyboard in Resources */ = {isa = PBXBuildFile; fileRef = 608BF8932259D0B90096CB2B /* Main.storyboard */; };
		608BF8972259D0BA0096CB2B /* Assets.xcassets in Resources */ = {isa = PBXBuildFile; fileRef = 608BF8962259D0BA0096CB2B /* Assets.xcassets */; };
		608BF89A2259D0BA0096CB2B /* LaunchScreen.storyboard in Resources */ = {isa = PBXBuildFile; fileRef = 608BF8982259D0BA0096CB2B /* LaunchScreen.storyboard */; };
		608BF8A52259D0BA0096CB2B /* CountTests.swift in Sources */ = {isa = PBXBuildFile; fileRef = 608BF8A42259D0BA0096CB2B /* CountTests.swift */; };
		608BF8B02259D0BA0096CB2B /* CountUITests.swift in Sources */ = {isa = PBXBuildFile; fileRef = 608BF8AF2259D0BA0096CB2B /* CountUITests.swift */; };
		608BF8BE2259D30A0096CB2B /* おじゃ.jpg in Resources */ = {isa = PBXBuildFile; fileRef = 608BF8BD2259D30A0096CB2B /* おじゃ.jpg */; };
/* End PBXBuildFile section */

/* Begin PBXContainerItemProxy section */
		608BF8A12259D0BA0096CB2B /* PBXContainerItemProxy */ = {
			isa = PBXContainerItemProxy;
			containerPortal = 608BF8842259D0B90096CB2B /* Project object */;
			proxyType = 1;
			remoteGlobalIDString = 608BF88B2259D0B90096CB2B;
			remoteInfo = Count;
		};
		608BF8AC2259D0BA0096CB2B /* PBXContainerItemProxy */ = {
			isa = PBXContainerItemProxy;
			containerPortal = 608BF8842259D0B90096CB2B /* Project object */;
			proxyType = 1;
			remoteGlobalIDString = 608BF88B2259D0B90096CB2B;
			remoteInfo = Count;
		};
/* End PBXContainerItemProxy section */

/* Begin PBXFileReference section */
		608BF88C2259D0B90096CB2B /* Count.app */ = {isa = PBXFileReference; explicitFileType = wrapper.application; includeInIndex = 0; path = Count.app; sourceTree = BUILT_PRODUCTS_DIR; };
		608BF88F2259D0B90096CB2B /* AppDelegate.swift */ = {isa = PBXFileReference; lastKnownFileType = sourcecode.swift; path = AppDelegate.swift; sourceTree = "<group>"; };
		608BF8912259D0B90096CB2B /* ViewController.swift */ = {isa = PBXFileReference; lastKnownFileType = sourcecode.swift; path = ViewController.swift; sourceTree = "<group>"; };
		608BF8942259D0B90096CB2B /* Base */ = {isa = PBXFileReference; lastKnownFileType = file.storyboard; name = Base; path = Base.lproj/Main.storyboard; sourceTree = "<group>"; };
		608BF8962259D0BA0096CB2B /* Assets.xcassets */ = {isa = PBXFileReference; lastKnownFileType = folder.assetcatalog; path = Assets.xcassets; sourceTree = "<group>"; };
		608BF8992259D0BA0096CB2B /* Base */ = {isa = PBXFileReference; lastKnownFileType = file.storyboard; name = Base; path = Base.lproj/LaunchScreen.storyboard; sourceTree = "<group>"; };
		608BF89B2259D0BA0096CB2B /* Info.plist */ = {isa = PBXFileReference; lastKnownFileType = text.plist.xml; path = Info.plist; sourceTree = "<group>"; };
		608BF8A02259D0BA0096CB2B /* CountTests.xctest */ = {isa = PBXFileReference; explicitFileType = wrapper.cfbundle; includeInIndex = 0; path = CountTests.xctest; sourceTree = BUILT_PRODUCTS_DIR; };
		608BF8A42259D0BA0096CB2B /* CountTests.swift */ = {isa = PBXFileReference; lastKnownFileType = sourcecode.swift; path = CountTests.swift; sourceTree = "<group>"; };
		608BF8A62259D0BA0096CB2B /* Info.plist */ = {isa = PBXFileReference; lastKnownFileType = text.plist.xml; path = Info.plist; sourceTree = "<group>"; };
		608BF8AB2259D0BA0096CB2B /* CountUITests.xctest */ = {isa = PBXFileReference; explicitFileType = wrapper.cfbundle; includeInIndex = 0; path = CountUITests.xctest; sourceTree = BUILT_PRODUCTS_DIR; };
		608BF8AF2259D0BA0096CB2B /* CountUITests.swift */ = {isa = PBXFileReference; lastKnownFileType = sourcecode.swift; path = CountUITests.swift; sourceTree = "<group>"; };
		608BF8B12259D0BA0096CB2B /* Info.plist */ = {isa = PBXFileReference; lastKnownFileType = text.plist.xml; path = Info.plist; sourceTree = "<group>"; };
		608BF8BD2259D30A0096CB2B /* おじゃ.jpg */ = {isa = PBXFileReference; lastKnownFileType = image.jpeg; name = "おじゃ.jpg"; path = "../../../おじゃ.jpg"; sourceTree = "<group>"; };
/* End PBXFileReference section */

/* Begin PBXFrameworksBuildPhase section */
		608BF8892259D0B90096CB2B /* Frameworks */ = {
			isa = PBXFrameworksBuildPhase;
			buildActionMask = 2147483647;
			files = (
			);
			runOnlyForDeploymentPostprocessing = 0;
		};
		608BF89D2259D0BA0096CB2B /* Frameworks */ = {
			isa = PBXFrameworksBuildPhase;
			buildActionMask = 2147483647;
			files = (
			);
			runOnlyForDeploymentPostprocessing = 0;
		};
		608BF8A82259D0BA0096CB2B /* Frameworks */ = {
			isa = PBXFrameworksBuildPhase;
			buildActionMask = 2147483647;
			files = (
			);
			runOnlyForDeploymentPostprocessing = 0;
		};
/* End PBXFrameworksBuildPhase section */

/* Begin PBXGroup section */
		608BF8832259D0B90096CB2B = {
			isa = PBXGroup;
			children = (
				608BF88E2259D0B90096CB2B /* Count */,
				608BF8A32259D0BA0096CB2B /* CountTests */,
				608BF8AE2259D0BA0096CB2B /* CountUITests */,
				608BF88D2259D0B90096CB2B /* Products */,
			);
			sourceTree = "<group>";
		};
		608BF88D2259D0B90096CB2B /* Products */ = {
			isa = PBXGroup;
			children = (
				608BF88C2259D0B90096CB2B /* Count.app */,
				608BF8A02259D0BA0096CB2B /* CountTests.xctest */,
				608BF8AB2259D0BA0096CB2B /* CountUITests.xctest */,
			);
			name = Products;
			sourceTree = "<group>";
		};
		608BF88E2259D0B90096CB2B /* Count */ = {
			isa = PBXGroup;
			children = (
				608BF88F2259D0B90096CB2B /* AppDelegate.swift */,
				608BF8912259D0B90096CB2B /* ViewController.swift */,
				608BF8BD2259D30A0096CB2B /* おじゃ.jpg */,
				608BF8932259D0B90096CB2B /* Main.storyboard */,
				608BF8962259D0BA0096CB2B /* Assets.xcassets */,
				608BF8982259D0BA0096CB2B /* LaunchScreen.storyboard */,
				608BF89B2259D0BA0096CB2B /* Info.plist */,
			);
			path = Count;
			sourceTree = "<group>";
		};
		608BF8A32259D0BA0096CB2B /* CountTests */ = {
			isa = PBXGroup;
			children = (
				608BF8A42259D0BA0096CB2B /* CountTests.swift */,
				608BF8A62259D0BA0096CB2B /* Info.plist */,
			);
			path = CountTests;
			sourceTree = "<group>";
		};
		608BF8AE2259D0BA0096CB2B /* CountUITests */ = {
			isa = PBXGroup;
			children = (
				608BF8AF2259D0BA0096CB2B /* CountUITests.swift */,
				608BF8B12259D0BA0096CB2B /* Info.plist */,
			);
			path = CountUITests;
			sourceTree = "<group>";
		};
/* End PBXGroup section */

/* Begin PBXNativeTarget section */
		608BF88B2259D0B90096CB2B /* Count */ = {
			isa = PBXNativeTarget;
			buildConfigurationList = 608BF8B42259D0BA0096CB2B /* Build configuration list for PBXNativeTarget "Count" */;
			buildPhases = (
				608BF8882259D0B90096CB2B /* Sources */,
				608BF8892259D0B90096CB2B /* Frameworks */,
				608BF88A2259D0B90096CB2B /* Resources */,
			);
			buildRules = (
			);
			dependencies = (
			);
			name = Count;
			productName = Count;
			productReference = 608BF88C2259D0B90096CB2B /* Count.app */;
			productType = "com.apple.product-type.application";
		};
		608BF89F2259D0BA0096CB2B /* CountTests */ = {
			isa = PBXNativeTarget;
			buildConfigurationList = 608BF8B72259D0BA0096CB2B /* Build configuration list for PBXNativeTarget "CountTests" */;
			buildPhases = (
				608BF89C2259D0BA0096CB2B /* Sources */,
				608BF89D2259D0BA0096CB2B /* Frameworks */,
				608BF89E2259D0BA0096CB2B /* Resources */,
			);
			buildRules = (
			);
			dependencies = (
				608BF8A22259D0BA0096CB2B /* PBXTargetDependency */,
			);
			name = CountTests;
			productName = CountTests;
			productReference = 608BF8A02259D0BA0096CB2B /* CountTests.xctest */;
			productType = "com.apple.product-type.bundle.unit-test";
		};
		608BF8AA2259D0BA0096CB2B /* CountUITests */ = {
			isa = PBXNativeTarget;
			buildConfigurationList = 608BF8BA2259D0BA0096CB2B /* Build configuration list for PBXNativeTarget "CountUITests" */;
			buildPhases = (
				608BF8A72259D0BA0096CB2B /* Sources */,
				608BF8A82259D0BA0096CB2B /* Frameworks */,
				608BF8A92259D0BA0096CB2B /* Resources */,
			);
			buildRules = (
			);
			dependencies = (
				608BF8AD2259D0BA0096CB2B /* PBXTargetDependency */,
			);
			name = CountUITests;
			productName = CountUITests;
			productReference = 608BF8AB2259D0BA0096CB2B /* CountUITests.xctest */;
			productType = "com.apple.product-type.bundle.ui-testing";
		};
/* End PBXNativeTarget section */

/* Begin PBXProject section */
		608BF8842259D0B90096CB2B /* Project object */ = {
			isa = PBXProject;
			attributes = {
				LastSwiftUpdateCheck = 1020;
				LastUpgradeCheck = 1020;
				ORGANIZATIONNAME = "山谷美咲生";
				TargetAttributes = {
					608BF88B2259D0B90096CB2B = {
						CreatedOnToolsVersion = 10.2;
					};
					608BF89F2259D0BA0096CB2B = {
						CreatedOnToolsVersion = 10.2;
						TestTargetID = 608BF88B2259D0B90096CB2B;
					};
					608BF8AA2259D0BA0096CB2B = {
						CreatedOnToolsVersion = 10.2;
						TestTargetID = 608BF88B2259D0B90096CB2B;
					};
				};
			};
			buildConfigurationList = 608BF8872259D0B90096CB2B /* Build configuration list for PBXProject "Count" */;
			compatibilityVersion = "Xcode 9.3";
			developmentRegion = en;
			hasScannedForEncodings = 0;
			knownRegions = (
				en,
				Base,
			);
			mainGroup = 608BF8832259D0B90096CB2B;
			productRefGroup = 608BF88D2259D0B90096CB2B /* Products */;
			projectDirPath = "";
			projectRoot = "";
			targets = (
				608BF88B2259D0B90096CB2B /* Count */,
				608BF89F2259D0BA0096CB2B /* CountTests */,
				608BF8AA2259D0BA0096CB2B /* CountUITests */,
			);
		};
/* End PBXProject section */

/* Begin PBXResourcesBuildPhase section */
		608BF88A2259D0B90096CB2B /* Resources */ = {
			isa = PBXResourcesBuildPhase;
			buildActionMask = 2147483647;
			files = (
				608BF8BE2259D30A0096CB2B /* おじゃ.jpg in Resources */,
				608BF89A2259D0BA0096CB2B /* LaunchScreen.storyboard in Resources */,
				608BF8972259D0BA0096CB2B /* Assets.xcassets in Resources */,
				608BF8952259D0B90096CB2B /* Main.storyboard in Resources */,
			);
			runOnlyForDeploymentPostprocessing = 0;
		};
		608BF89E2259D0BA0096CB2B /* Resources */ = {
			isa = PBXResourcesBuildPhase;
			buildActionMask = 2147483647;
			files = (
			);
			runOnlyForDeploymentPostprocessing = 0;
		};
		608BF8A92259D0BA0096CB2B /* Resources */ = {
			isa = PBXResourcesBuildPhase;
			buildActionMask = 2147483647;
			files = (
			);
			runOnlyForDeploymentPostprocessing = 0;
		};
/* End PBXResourcesBuildPhase section */

/* Begin PBXSourcesBuildPhase section */
		608BF8882259D0B90096CB2B /* Sources */ = {
			isa = PBXSourcesBuildPhase;
			buildActionMask = 2147483647;
			files = (
				608BF8922259D0B90096CB2B /* ViewController.swift in Sources */,
				608BF8902259D0B90096CB2B /* AppDelegate.swift in Sources */,
			);
			runOnlyForDeploymentPostprocessing = 0;
		};
		608BF89C2259D0BA0096CB2B /* Sources */ = {
			isa = PBXSourcesBuildPhase;
			buildActionMask = 2147483647;
			files = (
				608BF8A52259D0BA0096CB2B /* CountTests.swift in Sources */,
			);
			runOnlyForDeploymentPostprocessing = 0;
		};
		608BF8A72259D0BA0096CB2B /* Sources */ = {
			isa = PBXSourcesBuildPhase;
			buildActionMask = 2147483647;
			files = (
				608BF8B02259D0BA0096CB2B /* CountUITests.swift in Sources */,
			);
			runOnlyForDeploymentPostprocessing = 0;
		};
/* End PBXSourcesBuildPhase section */

/* Begin PBXTargetDependency section */
		608BF8A22259D0BA0096CB2B /* PBXTargetDependency */ = {
			isa = PBXTargetDependency;
			target = 608BF88B2259D0B90096CB2B /* Count */;
			targetProxy = 608BF8A12259D0BA0096CB2B /* PBXContainerItemProxy */;
		};
		608BF8AD2259D0BA0096CB2B /* PBXTargetDependency */ = {
			isa = PBXTargetDependency;
			target = 608BF88B2259D0B90096CB2B /* Count */;
			targetProxy = 608BF8AC2259D0BA0096CB2B /* PBXContainerItemProxy */;
		};
/* End PBXTargetDependency section */

/* Begin PBXVariantGroup section */
		608BF8932259D0B90096CB2B /* Main.storyboard */ = {
			isa = PBXVariantGroup;
			children = (
				608BF8942259D0B90096CB2B /* Base */,
			);
			name = Main.storyboard;
			sourceTree = "<group>";
		};
		608BF8982259D0BA0096CB2B /* LaunchScreen.storyboard */ = {
			isa = PBXVariantGroup;
			children = (
				608BF8992259D0BA0096CB2B /* Base */,
			);
			name = LaunchScreen.storyboard;
			sourceTree = "<group>";
		};
/* End PBXVariantGroup section */

/* Begin XCBuildConfiguration section */
		608BF8B22259D0BA0096CB2B /* Debug */ = {
			isa = XCBuildConfiguration;
			buildSettings = {
				ALWAYS_SEARCH_USER_PATHS = NO;
				CLANG_ANALYZER_NONNULL = YES;
				CLANG_ANALYZER_NUMBER_OBJECT_CONVERSION = YES_AGGRESSIVE;
				CLANG_CXX_LANGUAGE_STANDARD = "gnu++14";
				CLANG_CXX_LIBRARY = "libc++";
				CLANG_ENABLE_MODULES = YES;
				CLANG_ENABLE_OBJC_ARC = YES;
				CLANG_ENABLE_OBJC_WEAK = YES;
				CLANG_WARN_BLOCK_CAPTURE_AUTORELEASING = YES;
				CLANG_WARN_BOOL_CONVERSION = YES;
				CLANG_WARN_COMMA = YES;
				CLANG_WARN_CONSTANT_CONVERSION = YES;
				CLANG_WARN_DEPRECATED_OBJC_IMPLEMENTATIONS = YES;
				CLANG_WARN_DIRECT_OBJC_ISA_USAGE = YES_ERROR;
				CLANG_WARN_DOCUMENTATION_COMMENTS = YES;
				CLANG_WARN_EMPTY_BODY = YES;
				CLANG_WARN_ENUM_CONVERSION = YES;
				CLANG_WARN_INFINITE_RECURSION = YES;
				CLANG_WARN_INT_CONVERSION = YES;
				CLANG_WARN_NON_LITERAL_NULL_CONVERSION = YES;
				CLANG_WARN_OBJC_IMPLICIT_RETAIN_SELF = YES;
				CLANG_WARN_OBJC_LITERAL_CONVERSION = YES;
				CLANG_WARN_OBJC_ROOT_CLASS = YES_ERROR;
				CLANG_WARN_RANGE_LOOP_ANALYSIS = YES;
				CLANG_WARN_STRICT_PROTOTYPES = YES;
				CLANG_WARN_SUSPICIOUS_MOVE = YES;
				CLANG_WARN_UNGUARDED_AVAILABILITY = YES_AGGRESSIVE;
				CLANG_WARN_UNREACHABLE_CODE = YES;
				CLANG_WARN__DUPLICATE_METHOD_MATCH = YES;
				CODE_SIGN_IDENTITY = "iPhone Developer";
				COPY_PHASE_STRIP = NO;
				DEBUG_INFORMATION_FORMAT = dwarf;
				ENABLE_STRICT_OBJC_MSGSEND = YES;
				ENABLE_TESTABILITY = YES;
				GCC_C_LANGUAGE_STANDARD = gnu11;
				GCC_DYNAMIC_NO_PIC = NO;
				GCC_NO_COMMON_BLOCKS = YES;
				GCC_OPTIMIZATION_LEVEL = 0;
				GCC_PREPROCESSOR_DEFINITIONS = (
					"DEBUG=1",
					"$(inherited)",
				);
				GCC_WARN_64_TO_32_BIT_CONVERSION = YES;
				GCC_WARN_ABOUT_RETURN_TYPE = YES_ERROR;
				GCC_WARN_UNDECLARED_SELECTOR = YES;
				GCC_WARN_UNINITIALIZED_AUTOS = YES_AGGRESSIVE;
				GCC_WARN_UNUSED_FUNCTION = YES;
				GCC_WARN_UNUSED_VARIABLE = YES;
				IPHONEOS_DEPLOYMENT_TARGET = 12.2;
				MTL_ENABLE_DEBUG_INFO = INCLUDE_SOURCE;
				MTL_FAST_MATH = YES;
				ONLY_ACTIVE_ARCH = YES;
				SDKROOT = iphoneos;
				SWIFT_ACTIVE_COMPILATION_CONDITIONS = DEBUG;
				SWIFT_OPTIMIZATION_LEVEL = "-Onone";
			};
			name = Debug;
		};
		608BF8B32259D0BA0096CB2B /* Release */ = {
			isa = XCBuildConfiguration;
			buildSettings = {
				ALWAYS_SEARCH_USER_PATHS = NO;
				CLANG_ANALYZER_NONNULL = YES;
				CLANG_ANALYZER_NUMBER_OBJECT_CONVERSION = YES_AGGRESSIVE;
				CLANG_CXX_LANGUAGE_STANDARD = "gnu++14";
				CLANG_CXX_LIBRARY = "libc++";
				CLANG_ENABLE_MODULES = YES;
				CLANG_ENABLE_OBJC_ARC = YES;
				CLANG_ENABLE_OBJC_WEAK = YES;
				CLANG_WARN_BLOCK_CAPTURE_AUTORELEASING = YES;
				CLANG_WARN_BOOL_CONVERSION = YES;
				CLANG_WARN_COMMA = YES;
				CLANG_WARN_CONSTANT_CONVERSION = YES;
				CLANG_WARN_DEPRECATED_OBJC_IMPLEMENTATIONS = YES;
				CLANG_WARN_DIRECT_OBJC_ISA_USAGE = YES_ERROR;
				CLANG_WARN_DOCUMENTATION_COMMENTS = YES;
				CLANG_WARN_EMPTY_BODY = YES;
				CLANG_WARN_ENUM_CONVERSION = YES;
				CLANG_WARN_INFINITE_RECURSION = YES;
				CLANG_WARN_INT_CONVERSION = YES;
				CLANG_WARN_NON_LITERAL_NULL_CONVERSION = YES;
				CLANG_WARN_OBJC_IMPLICIT_RETAIN_SELF = YES;
				CLANG_WARN_OBJC_LITERAL_CONVERSION = YES;
				CLANG_WARN_OBJC_ROOT_CLASS = YES_ERROR;
				CLANG_WARN_RANGE_LOOP_ANALYSIS = YES;
				CLANG_WARN_STRICT_PROTOTYPES = YES;
				CLANG_WARN_SUSPICIOUS_MOVE = YES;
				CLANG_WARN_UNGUARDED_AVAILABILITY = YES_AGGRESSIVE;
				CLANG_WARN_UNREACHABLE_CODE = YES;
				CLANG_WARN__DUPLICATE_METHOD_MATCH = YES;
				CODE_SIGN_IDENTITY = "iPhone Developer";
				COPY_PHASE_STRIP = NO;
				DEBUG_INFORMATION_FORMAT = "dwarf-with-dsym";
				ENABLE_NS_ASSERTIONS = NO;
				ENABLE_STRICT_OBJC_MSGSEND = YES;
				GCC_C_LANGUAGE_STANDARD = gnu11;
				GCC_NO_COMMON_BLOCKS = YES;
				GCC_WARN_64_TO_32_BIT_CONVERSION = YES;
				GCC_WARN_ABOUT_RETURN_TYPE = YES_ERROR;
				GCC_WARN_UNDECLARED_SELECTOR = YES;
				GCC_WARN_UNINITIALIZED_AUTOS = YES_AGGRESSIVE;
				GCC_WARN_UNUSED_FUNCTION = YES;
				GCC_WARN_UNUSED_VARIABLE = YES;
				IPHONEOS_DEPLOYMENT_TARGET = 12.2;
				MTL_ENABLE_DEBUG_INFO = NO;
				MTL_FAST_MATH = YES;
				SDKROOT = iphoneos;
				SWIFT_COMPILATION_MODE = wholemodule;
				SWIFT_OPTIMIZATION_LEVEL = "-O";
				VALIDATE_PRODUCT = YES;
			};
			name = Release;
		};
		608BF8B52259D0BA0096CB2B /* Debug */ = {
			isa = XCBuildConfiguration;
			buildSettings = {
				ASSETCATALOG_COMPILER_APPICON_NAME = AppIcon;
				CODE_SIGN_STYLE = Automatic;
				INFOPLIST_FILE = Count/Info.plist;
				LD_RUNPATH_SEARCH_PATHS = (
					"$(inherited)",
					"@executable_path/Frameworks",
				);
				PRODUCT_BUNDLE_IDENTIFIER = aaa.Count;
				PRODUCT_NAME = "$(TARGET_NAME)";
				SWIFT_VERSION = 5.0;
				TARGETED_DEVICE_FAMILY = "1,2";
			};
			name = Debug;
		};
		608BF8B62259D0BA0096CB2B /* Release */ = {
			isa = XCBuildConfiguration;
			buildSettings = {
				ASSETCATALOG_COMPILER_APPICON_NAME = AppIcon;
				CODE_SIGN_STYLE = Automatic;
				INFOPLIST_FILE = Count/Info.plist;
				LD_RUNPATH_SEARCH_PATHS = (
					"$(inherited)",
					"@executable_path/Frameworks",
				);
				PRODUCT_BUNDLE_IDENTIFIER = aaa.Count;
				PRODUCT_NAME = "$(TARGET_NAME)";
				SWIFT_VERSION = 5.0;
				TARGETED_DEVICE_FAMILY = "1,2";
			};
			name = Release;
		};
		608BF8B82259D0BA0096CB2B /* Debug */ = {
			isa = XCBuildConfiguration;
			buildSettings = {
				ALWAYS_EMBED_SWIFT_STANDARD_LIBRARIES = YES;
				BUNDLE_LOADER = "$(TEST_HOST)";
				CODE_SIGN_STYLE = Automatic;
				INFOPLIST_FILE = CountTests/Info.plist;
				LD_RUNPATH_SEARCH_PATHS = (
					"$(inherited)",
					"@executable_path/Frameworks",
					"@loader_path/Frameworks",
				);
				PRODUCT_BUNDLE_IDENTIFIER = aaa.CountTests;
				PRODUCT_NAME = "$(TARGET_NAME)";
				SWIFT_VERSION = 5.0;
				TARGETED_DEVICE_FAMILY = "1,2";
				TEST_HOST = "$(BUILT_PRODUCTS_DIR)/Count.app/Count";
			};
			name = Debug;
		};
		608BF8B92259D0BA0096CB2B /* Release */ = {
			isa = XCBuildConfiguration;
			buildSettings = {
				ALWAYS_EMBED_SWIFT_STANDARD_LIBRARIES = YES;
				BUNDLE_LOADER = "$(TEST_HOST)";
				CODE_SIGN_STYLE = Automatic;
				INFOPLIST_FILE = CountTests/Info.plist;
				LD_RUNPATH_SEARCH_PATHS = (
					"$(inherited)",
					"@executable_path/Frameworks",
					"@loader_path/Frameworks",
				);
				PRODUCT_BUNDLE_IDENTIFIER = aaa.CountTests;
				PRODUCT_NAME = "$(TARGET_NAME)";
				SWIFT_VERSION = 5.0;
				TARGETED_DEVICE_FAMILY = "1,2";
				TEST_HOST = "$(BUILT_PRODUCTS_DIR)/Count.app/Count";
			};
			name = Release;
		};
		608BF8BB2259D0BA0096CB2B /* Debug */ = {
			isa = XCBuildConfiguration;
			buildSettings = {
				ALWAYS_EMBED_SWIFT_STANDARD_LIBRARIES = YES;
				CODE_SIGN_STYLE = Automatic;
				INFOPLIST_FILE = CountUITests/Info.plist;
				LD_RUNPATH_SEARCH_PATHS = (
					"$(inherited)",
					"@executable_path/Frameworks",
					"@loader_path/Frameworks",
				);
				PRODUCT_BUNDLE_IDENTIFIER = aaa.CountUITests;
				PRODUCT_NAME = "$(TARGET_NAME)";
				SWIFT_VERSION = 5.0;
				TARGETED_DEVICE_FAMILY = "1,2";
				TEST_TARGET_NAME = Count;
			};
			name = Debug;
		};
		608BF8BC2259D0BA0096CB2B /* Release */ = {
			isa = XCBuildConfiguration;
			buildSettings = {
				ALWAYS_EMBED_SWIFT_STANDARD_LIBRARIES = YES;
				CODE_SIGN_STYLE = Automatic;
				INFOPLIST_FILE = CountUITests/Info.plist;
				LD_RUNPATH_SEARCH_PATHS = (
					"$(inherited)",
					"@executable_path/Frameworks",
					"@loader_path/Frameworks",
				);
				PRODUCT_BUNDLE_IDENTIFIER = aaa.CountUITests;
				PRODUCT_NAME = "$(TARGET_NAME)";
				SWIFT_VERSION = 5.0;
				TARGETED_DEVICE_FAMILY = "1,2";
				TEST_TARGET_NAME = Count;
			};
			name = Release;
		};
/* End XCBuildConfiguration section */

/* Begin XCConfigurationList section */
		608BF8872259D0B90096CB2B /* Build configuration list for PBXProject "Count" */ = {
			isa = XCConfigurationList;
			buildConfigurations = (
				608BF8B22259D0BA0096CB2B /* Debug */,
				608BF8B32259D0BA0096CB2B /* Release */,
			);
			defaultConfigurationIsVisible = 0;
			defaultConfigurationName = Release;
		};
		608BF8B42259D0BA0096CB2B /* Build configuration list for PBXNativeTarget "Count" */ = {
			isa = XCConfigurationList;
			buildConfigurations = (
				608BF8B52259D0BA0096CB2B /* Debug */,
				608BF8B62259D0BA0096CB2B /* Release */,
			);
			defaultConfigurationIsVisible = 0;
			defaultConfigurationName = Release;
		};
		608BF8B72259D0BA0096CB2B /* Build configuration list for PBXNativeTarget "CountTests" */ = {
			isa = XCConfigurationList;
			buildConfigurations = (
				608BF8B82259D0BA0096CB2B /* Debug */,
				608BF8B92259D0BA0096CB2B /* Release */,
			);
			defaultConfigurationIsVisible = 0;
			defaultConfigurationName = Release;
		};
		608BF8BA2259D0BA0096CB2B /* Build configuration list for PBXNativeTarget "CountUITests" */ = {
			isa = XCConfigurationList;
			buildConfigurations = (
				608BF8BB2259D0BA0096CB2B /* Debug */,
				608BF8BC2259D0BA0096CB2B /* Release */,
			);
			defaultConfigurationIsVisible = 0;
			defaultConfigurationName = Release;
		};
/* End XCConfigurationList section */
	};
	rootObject = 608BF8842259D0B90096CB2B /* Project object */;
}
